// !$*UTF8*$!
{
	archiveVersion = 1;
	classes = {
	};
	objectVersion = 48;
	objects = {

/* Begin PBXBuildFile section */
		0253380E2043F6B40009EE3B /* AppDelegate.m in Sources */ = {isa = PBXBuildFile; fileRef = 0253380D2043F6B40009EE3B /* AppDelegate.m */; };
		025338112043F6B40009EE3B /* ViewController.m in Sources */ = {isa = PBXBuildFile; fileRef = 025338102043F6B40009EE3B /* ViewController.m */; };
		025338142043F6B40009EE3B /* Main.storyboard in Resources */ = {isa = PBXBuildFile; fileRef = 025338122043F6B40009EE3B /* Main.storyboard */; };
		025338162043F6B40009EE3B /* Assets.xcassets in Resources */ = {isa = PBXBuildFile; fileRef = 025338152043F6B40009EE3B /* Assets.xcassets */; };
		025338192043F6B40009EE3B /* LaunchScreen.storyboard in Resources */ = {isa = PBXBuildFile; fileRef = 025338172043F6B40009EE3B /* LaunchScreen.storyboard */; };
		0253381C2043F6B40009EE3B /* main.m in Sources */ = {isa = PBXBuildFile; fileRef = 0253381B2043F6B40009EE3B /* main.m */; };
		0253382A2043F6DE0009EE3B /* ChainView3.m in Sources */ = {isa = PBXBuildFile; fileRef = 025338222043F6DD0009EE3B /* ChainView3.m */; };
		0253382B2043F6DE0009EE3B /* ChainView2.m in Sources */ = {isa = PBXBuildFile; fileRef = 025338262043F6DE0009EE3B /* ChainView2.m */; };
		0253382C2043F6DE0009EE3B /* UIView+ResponderChain.m in Sources */ = {isa = PBXBuildFile; fileRef = 025338282043F6DE0009EE3B /* UIView+ResponderChain.m */; };
		0253382D2043F6DE0009EE3B /* ChainView1.m in Sources */ = {isa = PBXBuildFile; fileRef = 025338292043F6DE0009EE3B /* ChainView1.m */; };
/* End PBXBuildFile section */

/* Begin PBXFileReference section */
		025338092043F6B40009EE3B /* EventResponderChain.app */ = {isa = PBXFileReference; explicitFileType = wrapper.application; includeInIndex = 0; path = EventResponderChain.app; sourceTree = BUILT_PRODUCTS_DIR; };
		0253380C2043F6B40009EE3B /* AppDelegate.h */ = {isa = PBXFileReference; lastKnownFileType = sourcecode.c.h; path = AppDelegate.h; sourceTree = "<group>"; };
		0253380D2043F6B40009EE3B /* AppDelegate.m */ = {isa = PBXFileReference; lastKnownFileType = sourcecode.c.objc; path = AppDelegate.m; sourceTree = "<group>"; };
		0253380F2043F6B40009EE3B /* ViewController.h */ = {isa = PBXFileReference; lastKnownFileType = sourcecode.c.h; path = ViewController.h; sourceTree = "<group>"; };
		025338102043F6B40009EE3B /* ViewController.m */ = {isa = PBXFileReference; lastKnownFileType = sourcecode.c.objc; path = ViewController.m; sourceTree = "<group>"; };
		025338132043F6B40009EE3B /* Base */ = {isa = PBXFileReference; lastKnownFileType = file.storyboard; name = Base; path = Base.lproj/Main.storyboard; sourceTree = "<group>"; };
		025338152043F6B40009EE3B /* Assets.xcassets */ = {isa = PBXFileReference; lastKnownFileType = folder.assetcatalog; path = Assets.xcassets; sourceTree = "<group>"; };
		025338182043F6B40009EE3B /* Base */ = {isa = PBXFileReference; lastKnownFileType = file.storyboard; name = Base; path = Base.lproj/LaunchScreen.storyboard; sourceTree = "<group>"; };
		0253381A2043F6B40009EE3B /* Info.plist */ = {isa = PBXFileReference; lastKnownFileType = text.plist.xml; path = Info.plist; sourceTree = "<group>"; };
		0253381B2043F6B40009EE3B /* main.m */ = {isa = PBXFileReference; lastKnownFileType = sourcecode.c.objc; path = main.m; sourceTree = "<group>"; };
		025338222043F6DD0009EE3B /* ChainView3.m */ = {isa = PBXFileReference; fileEncoding = 4; lastKnownFileType = sourcecode.c.objc; path = ChainView3.m; sourceTree = "<group>"; };
		025338232043F6DE0009EE3B /* ChainView1.h */ = {isa = PBXFileReference; fileEncoding = 4; lastKnownFileType = sourcecode.c.h; path = ChainView1.h; sourceTree = "<group>"; };
		025338242043F6DE0009EE3B /* ChainView2.h */ = {isa = PBXFileReference; fileEncoding = 4; lastKnownFileType = sourcecode.c.h; path = ChainView2.h; sourceTree = "<group>"; };
		025338252043F6DE0009EE3B /* ChainView3.h */ = {isa = PBXFileReference; fileEncoding = 4; lastKnownFileType = sourcecode.c.h; path = ChainView3.h; sourceTree = "<group>"; };
		025338262043F6DE0009EE3B /* ChainView2.m */ = {isa = PBXFileReference; fileEncoding = 4; lastKnownFileType = sourcecode.c.objc; path = ChainView2.m; sourceTree = "<group>"; };
		025338272043F6DE0009EE3B /* UIView+ResponderChain.h */ = {isa = PBXFileReference; fileEncoding = 4; lastKnownFileType = sourcecode.c.h; path = "UIView+ResponderChain.h"; sourceTree = "<group>"; };
		025338282043F6DE0009EE3B /* UIView+ResponderChain.m */ = {isa = PBXFileReference; fileEncoding = 4; lastKnownFileType = sourcecode.c.objc; path = "UIView+ResponderChain.m"; sourceTree = "<group>"; };
		025338292043F6DE0009EE3B /* ChainView1.m */ = {isa = PBXFileReference; fileEncoding = 4; lastKnownFileType = sourcecode.c.objc; path = ChainView1.m; sourceTree = "<group>"; };
/* End PBXFileReference section */

/* Begin PBXFrameworksBuildPhase section */
		025338062043F6B40009EE3B /* Frameworks */ = {
			isa = PBXFrameworksBuildPhase;
			buildActionMask = 2147483647;
			files = (
			);
			runOnlyForDeploymentPostprocessing = 0;
		};
/* End PBXFrameworksBuildPhase section */

/* Begin PBXGroup section */
		025338002043F6B30009EE3B = {
			isa = PBXGroup;
			children = (
				0253380B2043F6B40009EE3B /* EventResponderChain */,
				0253380A2043F6B40009EE3B /* Products */,
			);
			sourceTree = "<group>";
		};
		0253380A2043F6B40009EE3B /* Products */ = {
			isa = PBXGroup;
			children = (
				025338092043F6B40009EE3B /* EventResponderChain.app */,
			);
			name = Products;
			sourceTree = "<group>";
		};
		0253380B2043F6B40009EE3B /* EventResponderChain */ = {
			isa = PBXGroup;
			children = (
				0253380C2043F6B40009EE3B /* AppDelegate.h */,
				0253380D2043F6B40009EE3B /* AppDelegate.m */,
				0253380F2043F6B40009EE3B /* ViewController.h */,
				025338102043F6B40009EE3B /* ViewController.m */,
				025338232043F6DE0009EE3B /* ChainView1.h */,
				025338292043F6DE0009EE3B /* ChainView1.m */,
				025338242043F6DE0009EE3B /* ChainView2.h */,
				025338262043F6DE0009EE3B /* ChainView2.m */,
				025338252043F6DE0009EE3B /* ChainView3.h */,
				025338222043F6DD0009EE3B /* ChainView3.m */,
				025338272043F6DE0009EE3B /* UIView+ResponderChain.h */,
				025338282043F6DE0009EE3B /* UIView+ResponderChain.m */,
				025338122043F6B40009EE3B /* Main.storyboard */,
				025338152043F6B40009EE3B /* Assets.xcassets */,
				025338172043F6B40009EE3B /* LaunchScreen.storyboard */,
				0253381A2043F6B40009EE3B /* Info.plist */,
				0253381B2043F6B40009EE3B /* main.m */,
			);
			path = EventResponderChain;
			sourceTree = "<group>";
		};
/* End PBXGroup section */

/* Begin PBXNativeTarget section */
		025338082043F6B40009EE3B /* EventResponderChain */ = {
			isa = PBXNativeTarget;
			buildConfigurationList = 0253381F2043F6B40009EE3B /* Build configuration list for PBXNativeTarget "EventResponderChain" */;
			buildPhases = (
				025338052043F6B40009EE3B /* Sources */,
				025338062043F6B40009EE3B /* Frameworks */,
				025338072043F6B40009EE3B /* Resources */,
			);
			buildRules = (
			);
			dependencies = (
			);
			name = EventResponderChain;
			productName = EventResponderChain;
			productReference = 025338092043F6B40009EE3B /* EventResponderChain.app */;
			productType = "com.apple.product-type.application";
		};
/* End PBXNativeTarget section */

/* Begin PBXProject section */
		025338012043F6B30009EE3B /* Project object */ = {
			isa = PBXProject;
			attributes = {
				LastUpgradeCheck = 0920;
				ORGANIZATIONNAME = KCS;
				TargetAttributes = {
					025338082043F6B40009EE3B = {
						CreatedOnToolsVersion = 9.2;
						ProvisioningStyle = Automatic;
					};
				};
			};
			buildConfigurationList = 025338042043F6B30009EE3B /* Build configuration list for PBXProject "EventResponderChain" */;
			compatibilityVersion = "Xcode 8.0";
			developmentRegion = en;
			hasScannedForEncodings = 0;
			knownRegions = (
				en,
				Base,
			);
			mainGroup = 025338002043F6B30009EE3B;
			productRefGroup = 0253380A2043F6B40009EE3B /* Products */;
			projectDirPath = "";
			projectRoot = "";
			targets = (
				025338082043F6B40009EE3B /* EventResponderChain */,
			);
		};
/* End PBXProject section */

/* Begin PBXResourcesBuildPhase section */
		025338072043F6B40009EE3B /* Resources */ = {
			isa = PBXResourcesBuildPhase;
			buildActionMask = 2147483647;
			files = (
				025338192043F6B40009EE3B /* LaunchScreen.storyboard in Resources */,
				025338162043F6B40009EE3B /* Assets.xcassets in Resources */,
				025338142043F6B40009EE3B /* Main.storyboard in Resources */,
			);
			runOnlyForDeploymentPostprocessing = 0;
		};
/* End PBXResourcesBuildPhase section */

/* Begin PBXSourcesBuildPhase section */
		025338052043F6B40009EE3B /* Sources */ = {
			isa = PBXSourcesBuildPhase;
			buildActionMask = 2147483647;
			files = (
				0253382A2043F6DE0009EE3B /* ChainView3.m in Sources */,
				0253382B2043F6DE0009EE3B /* ChainView2.m in Sources */,
				025338112043F6B40009EE3B /* ViewController.m in Sources */,
				0253382C2043F6DE0009EE3B /* UIView+ResponderChain.m in Sources */,
				0253381C2043F6B40009EE3B /* main.m in Sources */,
				0253382D2043F6DE0009EE3B /* ChainView1.m in Sources */,
				0253380E2043F6B40009EE3B /* AppDelegate.m in Sources */,
			);
			runOnlyForDeploymentPostprocessing = 0;
		};
/* End PBXSourcesBuildPhase section */

/* Begin PBXVariantGroup section */
		025338122043F6B40009EE3B /* Main.storyboard */ = {
			isa = PBXVariantGroup;
			children = (
				025338132043F6B40009EE3B /* Base */,
			);
			name = Main.storyboard;
			sourceTree = "<group>";
		};
		025338172043F6B40009EE3B /* LaunchScreen.storyboard */ = {
			isa = PBXVariantGroup;
			children = (
				025338182043F6B40009EE3B /* Base */,
			);
			name = LaunchScreen.storyboard;
			sourceTree = "<group>";
		};
/* End PBXVariantGroup section */

/* Begin XCBuildConfiguration section */
		0253381D2043F6B40009EE3B /* Debug */ = {
			isa = XCBuildConfiguration;
			buildSettings = {
				ALWAYS_SEARCH_USER_PATHS = NO;
				CLANG_ANALYZER_NONNULL = YES;
				CLANG_ANALYZER_NUMBER_OBJECT_CONVERSION = YES_AGGRESSIVE;
				CLANG_CXX_LANGUAGE_STANDARD = "gnu++14";
				CLANG_CXX_LIBRARY = "libc++";
				CLANG_ENABLE_MODULES = YES;
				CLANG_ENABLE_OBJC_ARC = YES;
				CLANG_WARN_BLOCK_CAPTURE_AUTORELEASING = YES;
				CLANG_WARN_BOOL_CONVERSION = YES;
				CLANG_WARN_COMMA = YES;
				CLANG_WARN_CONSTANT_CONVERSION = YES;
				CLANG_WARN_DIRECT_OBJC_ISA_USAGE = YES_ERROR;
				CLANG_WARN_DOCUMENTATION_COMMENTS = YES;
				CLANG_WARN_EMPTY_BODY = YES;
				CLANG_WARN_ENUM_CONVERSION = YES;
				CLANG_WARN_INFINITE_RECURSION = YES;
				CLANG_WARN_INT_CONVERSION = YES;
				CLANG_WARN_NON_LITERAL_NULL_CONVERSION = YES;
				CLANG_WARN_OBJC_LITERAL_CONVERSION = YES;
				CLANG_WARN_OBJC_ROOT_CLASS = YES_ERROR;
				CLANG_WARN_RANGE_LOOP_ANALYSIS = YES;
				CLANG_WARN_STRICT_PROTOTYPES = YES;
				CLANG_WARN_SUSPICIOUS_MOVE = YES;
				CLANG_WARN_UNGUARDED_AVAILABILITY = YES_AGGRESSIVE;
				CLANG_WARN_UNREACHABLE_CODE = YES;
				CLANG_WARN__DUPLICATE_METHOD_MATCH = YES;
				CODE_SIGN_IDENTITY = "iPhone Developer";
				COPY_PHASE_STRIP = NO;
				DEBUG_INFORMATION_FORMAT = dwarf;
				ENABLE_STRICT_OBJC_MSGSEND = YES;
				ENABLE_TESTABILITY = YES;
				GCC_C_LANGUAGE_STANDARD = gnu11;
				GCC_DYNAMIC_NO_PIC = NO;
				GCC_NO_COMMON_BLOCKS = YES;
				GCC_OPTIMIZATION_LEVEL = 0;
				GCC_PREPROCESSOR_DEFINITIONS = (
					"DEBUG=1",
					"$(inherited)",
				);
				GCC_WARN_64_TO_32_BIT_CONVERSION = YES;
				GCC_WARN_ABOUT_RETURN_TYPE = YES_ERROR;
				GCC_WARN_UNDECLARED_SELECTOR = YES;
				GCC_WARN_UNINITIALIZED_AUTOS = YES_AGGRESSIVE;
				GCC_WARN_UNUSED_FUNCTION = YES;
				GCC_WARN_UNUSED_VARIABLE = YES;
				IPHONEOS_DEPLOYMENT_TARGET = 11.2;
				MTL_ENABLE_DEBUG_INFO = YES;
				ONLY_ACTIVE_ARCH = YES;
				SDKROOT = iphoneos;
			};
			name = Debug;
		};
		0253381E2043F6B40009EE3B /* Release */ = {
			isa = XCBuildConfiguration;
			buildSettings = {
				ALWAYS_SEARCH_USER_PATHS = NO;
				CLANG_ANALYZER_NONNULL = YES;
				CLANG_ANALYZER_NUMBER_OBJECT_CONVERSION = YES_AGGRESSIVE;
				CLANG_CXX_LANGUAGE_STANDARD = "gnu++14";
				CLANG_CXX_LIBRARY = "libc++";
				CLANG_ENABLE_MODULES = YES;
				CLANG_ENABLE_OBJC_ARC = YES;
				CLANG_WARN_BLOCK_CAPTURE_AUTORELEASING = YES;
				CLANG_WARN_BOOL_CONVERSION = YES;
				CLANG_WARN_COMMA = YES;
				CLANG_WARN_CONSTANT_CONVERSION = YES;
				CLANG_WARN_DIRECT_OBJC_ISA_USAGE = YES_ERROR;
				CLANG_WARN_DOCUMENTATION_COMMENTS = YES;
				CLANG_WARN_EMPTY_BODY = YES;
				CLANG_WARN_ENUM_CONVERSION = YES;
				CLANG_WARN_INFINITE_RECURSION = YES;
				CLANG_WARN_INT_CONVERSION = YES;
				CLANG_WARN_NON_LITERAL_NULL_CONVERSION = YES;
				CLANG_WARN_OBJC_LITERAL_CONVERSION = YES;
				CLANG_WARN_OBJC_ROOT_CLASS = YES_ERROR;
				CLANG_WARN_RANGE_LOOP_ANALYSIS = YES;
				CLANG_WARN_STRICT_PROTOTYPES = YES;
				CLANG_WARN_SUSPICIOUS_MOVE = YES;
				CLANG_WARN_UNGUARDED_AVAILABILITY = YES_AGGRESSIVE;
				CLANG_WARN_UNREACHABLE_CODE = YES;
				CLANG_WARN__DUPLICATE_METHOD_MATCH = YES;
				CODE_SIGN_IDENTITY = "iPhone Developer";
				COPY_PHASE_STRIP = NO;
				DEBUG_INFORMATION_FORMAT = "dwarf-with-dsym";
				ENABLE_NS_ASSERTIONS = NO;
				ENABLE_STRICT_OBJC_MSGSEND = YES;
				GCC_C_LANGUAGE_STANDARD = gnu11;
				GCC_NO_COMMON_BLOCKS = YES;
				GCC_WARN_64_TO_32_BIT_CONVERSION = YES;
				GCC_WARN_ABOUT_RETURN_TYPE = YES_ERROR;
				GCC_WARN_UNDECLARED_SELECTOR = YES;
				GCC_WARN_UNINITIALIZED_AUTOS = YES_AGGRESSIVE;
				GCC_WARN_UNUSED_FUNCTION = YES;
				GCC_WARN_UNUSED_VARIABLE = YES;
				IPHONEOS_DEPLOYMENT_TARGET = 11.2;
				MTL_ENABLE_DEBUG_INFO = NO;
				SDKROOT = iphoneos;
				VALIDATE_PRODUCT = YES;
			};
			name = Release;
		};
		025338202043F6B40009EE3B /* Debug */ = {
			isa = XCBuildConfiguration;
			buildSettings = {
				ASSETCATALOG_COMPILER_APPICON_NAME = AppIcon;
				CODE_SIGN_STYLE = Automatic;
				DEVELOPMENT_TEAM = FN42ZSYH4H;
				INFOPLIST_FILE = EventResponderChain/Info.plist;
				LD_RUNPATH_SEARCH_PATHS = "$(inherited) @executable_path/Frameworks";
				PRODUCT_BUNDLE_IDENTIFIER = KCS.EventResponderChain;
				PRODUCT_NAME = "$(TARGET_NAME)";
				TARGETED_DEVICE_FAMILY = "1,2";
			};
			name = Debug;
		};
		025338212043F6B40009EE3B /* Release */ = {
			isa = XCBuildConfiguration;
			buildSettings = {
				ASSETCATALOG_COMPILER_APPICON_NAME = AppIcon;
				CODE_SIGN_STYLE = Automatic;
				DEVELOPMENT_TEAM = FN42ZSYH4H;
				INFOPLIST_FILE = EventResponderChain/Info.plist;
				LD_RUNPATH_SEARCH_PATHS = "$(inherited) @executable_path/Frameworks";
				PRODUCT_BUNDLE_IDENTIFIER = KCS.EventResponderChain;
				PRODUCT_NAME = "$(TARGET_NAME)";
				TARGETED_DEVICE_FAMILY = "1,2";
			};
			name = Release;
		};
/* End XCBuildConfiguration section */

/* Begin XCConfigurationList section */
		025338042043F6B30009EE3B /* Build configuration list for PBXProject "EventResponderChain" */ = {
			isa = XCConfigurationList;
			buildConfigurations = (
				0253381D2043F6B40009EE3B /* Debug */,
				0253381E2043F6B40009EE3B /* Release */,
			);
			defaultConfigurationIsVisible = 0;
			defaultConfigurationName = Release;
		};
		0253381F2043F6B40009EE3B /* Build configuration list for PBXNativeTarget "EventResponderChain" */ = {
			isa = XCConfigurationList;
			buildConfigurations = (
				025338202043F6B40009EE3B /* Debug */,
				025338212043F6B40009EE3B /* Release */,
			);
			defaultConfigurationIsVisible = 0;
			defaultConfigurationName = Release;
		};
/* End XCConfigurationList section */
	};
	rootObject = 025338012043F6B30009EE3B /* Project object */;
}
